
Microsoft Visual Studio Solution File, Format Version 12.00
# Visual Studio Version 17
VisualStudioVersion = 17.4.33122.133
MinimumVisualStudioVersion = 10.0.40219.1
Project("{9A19103F-16F7-4668-BE54-9A1E7A4F7556}") = "SpatialiteTest", "SpatialiteTest.csproj", "{EE9D2987-EBAF-45F7-94B0-CD0B0DC42321}"
EndProject
Global
	GlobalSection(SolutionConfigurationPlatforms) = preSolution
		Debug|Any CPU = Debug|Any CPU
		Release|Any CPU = Release|Any CPU
	EndGlobalSection
	GlobalSection(ProjectConfigurationPlatforms) = postSolution
		{EE9D2987-EBAF-45F7-94B0-CD0B0DC42321}.Debug|Any CPU.ActiveCfg = Debug|Any CPU
		{EE9D2987-EBAF-45F7-94B0-CD0B0DC42321}.Debug|Any CPU.Build.0 = Debug|Any CPU
		{EE9D2987-EBAF-45F7-94B0-CD0B0DC42321}.Release|Any CPU.ActiveCfg = Release|Any CPU
		{EE9D2987-EBAF-45F7-94B0-CD0B0DC42321}.Release|Any CPU.Build.0 = Release|Any CPU
	EndGlobalSection
	GlobalSection(SolutionProperties) = preSolution
		HideSolutionNode = FALSE
	EndGlobalSection
	GlobalSection(ExtensibilityGlobals) = postSolution
		SolutionGuid = {D0E70715-1780-4773-BBAD-37E817D2EE44}
	EndGlobalSection
EndGlobal
